{
  "object": {
    "pins": [
      {
        "package": "fixa",
        "repositoryURL": "https://github.com/rustedivan/fixa.git",
        "state": {
          "branch": null,
          "revision": "95e26e358b10403eb8ec2728c8d7b3e57356bb46",
          "version": "0.2.0"
        }
      }
    ]
  },
  "version": 1
}
